// !$*UTF8*$!
{
	archiveVersion = 1;
	classes = {
	};
	objectVersion = 50;
	objects = {

/* Begin PBXBuildFile section */
		AEB31DF42212D83800DA9695 /* AppDelegate.swift in Sources */ = {isa = PBXBuildFile; fileRef = AEB31DF32212D83800DA9695 /* AppDelegate.swift */; };
		AEB31DF62212D83800DA9695 /* ViewController.swift in Sources */ = {isa = PBXBuildFile; fileRef = AEB31DF52212D83800DA9695 /* ViewController.swift */; };
		AEB31DF92212D83800DA9695 /* Main.storyboard in Resources */ = {isa = PBXBuildFile; fileRef = AEB31DF72212D83800DA9695 /* Main.storyboard */; };
		AEB31DFB2212D83A00DA9695 /* Assets.xcassets in Resources */ = {isa = PBXBuildFile; fileRef = AEB31DFA2212D83A00DA9695 /* Assets.xcassets */; };
		AEB31DFE2212D83A00DA9695 /* LaunchScreen.storyboard in Resources */ = {isa = PBXBuildFile; fileRef = AEB31DFC2212D83A00DA9695 /* LaunchScreen.storyboard */; };
		AEB31E092212D83A00DA9695 /* GhibliTests.swift in Sources */ = {isa = PBXBuildFile; fileRef = AEB31E082212D83A00DA9695 /* GhibliTests.swift */; };
		AEB31E142212D83A00DA9695 /* GhibliUITests.swift in Sources */ = {isa = PBXBuildFile; fileRef = AEB31E132212D83A00DA9695 /* GhibliUITests.swift */; };
/* End PBXBuildFile section */

/* Begin PBXContainerItemProxy section */
		AEB31E052212D83A00DA9695 /* PBXContainerItemProxy */ = {
			isa = PBXContainerItemProxy;
			containerPortal = AEB31DE82212D83800DA9695 /* Project object */;
			proxyType = 1;
			remoteGlobalIDString = AEB31DEF2212D83800DA9695;
			remoteInfo = Ghibli;
		};
		AEB31E102212D83A00DA9695 /* PBXContainerItemProxy */ = {
			isa = PBXContainerItemProxy;
			containerPortal = AEB31DE82212D83800DA9695 /* Project object */;
			proxyType = 1;
			remoteGlobalIDString = AEB31DEF2212D83800DA9695;
			remoteInfo = Ghibli;
		};
/* End PBXContainerItemProxy section */

/* Begin PBXFileReference section */
		AEB31DF02212D83800DA9695 /* Ghibli.app */ = {isa = PBXFileReference; explicitFileType = wrapper.application; includeInIndex = 0; path = Ghibli.app; sourceTree = BUILT_PRODUCTS_DIR; };
		AEB31DF32212D83800DA9695 /* AppDelegate.swift */ = {isa = PBXFileReference; lastKnownFileType = sourcecode.swift; path = AppDelegate.swift; sourceTree = "<group>"; };
		AEB31DF52212D83800DA9695 /* ViewController.swift */ = {isa = PBXFileReference; lastKnownFileType = sourcecode.swift; path = ViewController.swift; sourceTree = "<group>"; };
		AEB31DF82212D83800DA9695 /* Base */ = {isa = PBXFileReference; lastKnownFileType = file.storyboard; name = Base; path = Base.lproj/Main.storyboard; sourceTree = "<group>"; };
		AEB31DFA2212D83A00DA9695 /* Assets.xcassets */ = {isa = PBXFileReference; lastKnownFileType = folder.assetcatalog; path = Assets.xcassets; sourceTree = "<group>"; };
		AEB31DFD2212D83A00DA9695 /* Base */ = {isa = PBXFileReference; lastKnownFileType = file.storyboard; name = Base; path = Base.lproj/LaunchScreen.storyboard; sourceTree = "<group>"; };
		AEB31DFF2212D83A00DA9695 /* Info.plist */ = {isa = PBXFileReference; lastKnownFileType = text.plist.xml; path = Info.plist; sourceTree = "<group>"; };
		AEB31E042212D83A00DA9695 /* GhibliTests.xctest */ = {isa = PBXFileReference; explicitFileType = wrapper.cfbundle; includeInIndex = 0; path = GhibliTests.xctest; sourceTree = BUILT_PRODUCTS_DIR; };
		AEB31E082212D83A00DA9695 /* GhibliTests.swift */ = {isa = PBXFileReference; lastKnownFileType = sourcecode.swift; path = GhibliTests.swift; sourceTree = "<group>"; };
		AEB31E0A2212D83A00DA9695 /* Info.plist */ = {isa = PBXFileReference; lastKnownFileType = text.plist.xml; path = Info.plist; sourceTree = "<group>"; };
		AEB31E0F2212D83A00DA9695 /* GhibliUITests.xctest */ = {isa = PBXFileReference; explicitFileType = wrapper.cfbundle; includeInIndex = 0; path = GhibliUITests.xctest; sourceTree = BUILT_PRODUCTS_DIR; };
		AEB31E132212D83A00DA9695 /* GhibliUITests.swift */ = {isa = PBXFileReference; lastKnownFileType = sourcecode.swift; path = GhibliUITests.swift; sourceTree = "<group>"; };
		AEB31E152212D83A00DA9695 /* Info.plist */ = {isa = PBXFileReference; lastKnownFileType = text.plist.xml; path = Info.plist; sourceTree = "<group>"; };
/* End PBXFileReference section */

/* Begin PBXFrameworksBuildPhase section */
		AEB31DED2212D83800DA9695 /* Frameworks */ = {
			isa = PBXFrameworksBuildPhase;
			buildActionMask = 2147483647;
			files = (
			);
			runOnlyForDeploymentPostprocessing = 0;
		};
		AEB31E012212D83A00DA9695 /* Frameworks */ = {
			isa = PBXFrameworksBuildPhase;
			buildActionMask = 2147483647;
			files = (
			);
			runOnlyForDeploymentPostprocessing = 0;
		};
		AEB31E0C2212D83A00DA9695 /* Frameworks */ = {
			isa = PBXFrameworksBuildPhase;
			buildActionMask = 2147483647;
			files = (
			);
			runOnlyForDeploymentPostprocessing = 0;
		};
/* End PBXFrameworksBuildPhase section */

/* Begin PBXGroup section */
		AEB31DE72212D83800DA9695 = {
			isa = PBXGroup;
			children = (
				AEB31DF22212D83800DA9695 /* Ghibli */,
				AEB31E072212D83A00DA9695 /* GhibliTests */,
				AEB31E122212D83A00DA9695 /* GhibliUITests */,
				AEB31DF12212D83800DA9695 /* Products */,
			);
			sourceTree = "<group>";
		};
		AEB31DF12212D83800DA9695 /* Products */ = {
			isa = PBXGroup;
			children = (
				AEB31DF02212D83800DA9695 /* Ghibli.app */,
				AEB31E042212D83A00DA9695 /* GhibliTests.xctest */,
				AEB31E0F2212D83A00DA9695 /* GhibliUITests.xctest */,
			);
			name = Products;
			sourceTree = "<group>";
		};
		AEB31DF22212D83800DA9695 /* Ghibli */ = {
			isa = PBXGroup;
			children = (
				AEB31DF32212D83800DA9695 /* AppDelegate.swift */,
				AEB31DF52212D83800DA9695 /* ViewController.swift */,
				AEB31DF72212D83800DA9695 /* Main.storyboard */,
				AEB31DFA2212D83A00DA9695 /* Assets.xcassets */,
				AEB31DFC2212D83A00DA9695 /* LaunchScreen.storyboard */,
				AEB31DFF2212D83A00DA9695 /* Info.plist */,
			);
			path = Ghibli;
			sourceTree = "<group>";
		};
		AEB31E072212D83A00DA9695 /* GhibliTests */ = {
			isa = PBXGroup;
			children = (
				AEB31E082212D83A00DA9695 /* GhibliTests.swift */,
				AEB31E0A2212D83A00DA9695 /* Info.plist */,
			);
			path = GhibliTests;
			sourceTree = "<group>";
		};
		AEB31E122212D83A00DA9695 /* GhibliUITests */ = {
			isa = PBXGroup;
			children = (
				AEB31E132212D83A00DA9695 /* GhibliUITests.swift */,
				AEB31E152212D83A00DA9695 /* Info.plist */,
			);
			path = GhibliUITests;
			sourceTree = "<group>";
		};
/* End PBXGroup section */

/* Begin PBXNativeTarget section */
		AEB31DEF2212D83800DA9695 /* Ghibli */ = {
			isa = PBXNativeTarget;
			buildConfigurationList = AEB31E182212D83A00DA9695 /* Build configuration list for PBXNativeTarget "Ghibli" */;
			buildPhases = (
				AEB31DEC2212D83800DA9695 /* Sources */,
				AEB31DED2212D83800DA9695 /* Frameworks */,
				AEB31DEE2212D83800DA9695 /* Resources */,
			);
			buildRules = (
			);
			dependencies = (
			);
			name = Ghibli;
			productName = Ghibli;
			productReference = AEB31DF02212D83800DA9695 /* Ghibli.app */;
			productType = "com.apple.product-type.application";
		};
		AEB31E032212D83A00DA9695 /* GhibliTests */ = {
			isa = PBXNativeTarget;
			buildConfigurationList = AEB31E1B2212D83A00DA9695 /* Build configuration list for PBXNativeTarget "GhibliTests" */;
			buildPhases = (
				AEB31E002212D83A00DA9695 /* Sources */,
				AEB31E012212D83A00DA9695 /* Frameworks */,
				AEB31E022212D83A00DA9695 /* Resources */,
			);
			buildRules = (
			);
			dependencies = (
				AEB31E062212D83A00DA9695 /* PBXTargetDependency */,
			);
			name = GhibliTests;
			productName = GhibliTests;
			productReference = AEB31E042212D83A00DA9695 /* GhibliTests.xctest */;
			productType = "com.apple.product-type.bundle.unit-test";
		};
		AEB31E0E2212D83A00DA9695 /* GhibliUITests */ = {
			isa = PBXNativeTarget;
			buildConfigurationList = AEB31E1E2212D83A00DA9695 /* Build configuration list for PBXNativeTarget "GhibliUITests" */;
			buildPhases = (
				AEB31E0B2212D83A00DA9695 /* Sources */,
				AEB31E0C2212D83A00DA9695 /* Frameworks */,
				AEB31E0D2212D83A00DA9695 /* Resources */,
			);
			buildRules = (
			);
			dependencies = (
				AEB31E112212D83A00DA9695 /* PBXTargetDependency */,
			);
			name = GhibliUITests;
			productName = GhibliUITests;
			productReference = AEB31E0F2212D83A00DA9695 /* GhibliUITests.xctest */;
			productType = "com.apple.product-type.bundle.ui-testing";
		};
/* End PBXNativeTarget section */

/* Begin PBXProject section */
		AEB31DE82212D83800DA9695 /* Project object */ = {
			isa = PBXProject;
			attributes = {
				LastSwiftUpdateCheck = 1010;
				LastUpgradeCheck = 1010;
				ORGANIZATIONNAME = "rakhmat cahyadi";
				TargetAttributes = {
					AEB31DEF2212D83800DA9695 = {
						CreatedOnToolsVersion = 10.1;
					};
					AEB31E032212D83A00DA9695 = {
						CreatedOnToolsVersion = 10.1;
						TestTargetID = AEB31DEF2212D83800DA9695;
					};
					AEB31E0E2212D83A00DA9695 = {
						CreatedOnToolsVersion = 10.1;
						TestTargetID = AEB31DEF2212D83800DA9695;
					};
				};
			};
			buildConfigurationList = AEB31DEB2212D83800DA9695 /* Build configuration list for PBXProject "Ghibli" */;
			compatibilityVersion = "Xcode 9.3";
			developmentRegion = en;
			hasScannedForEncodings = 0;
			knownRegions = (
				en,
				Base,
			);
			mainGroup = AEB31DE72212D83800DA9695;
			productRefGroup = AEB31DF12212D83800DA9695 /* Products */;
			projectDirPath = "";
			projectRoot = "";
			targets = (
				AEB31DEF2212D83800DA9695 /* Ghibli */,
				AEB31E032212D83A00DA9695 /* GhibliTests */,
				AEB31E0E2212D83A00DA9695 /* GhibliUITests */,
			);
		};
/* End PBXProject section */

/* Begin PBXResourcesBuildPhase section */
		AEB31DEE2212D83800DA9695 /* Resources */ = {
			isa = PBXResourcesBuildPhase;
			buildActionMask = 2147483647;
			files = (
				AEB31DFE2212D83A00DA9695 /* LaunchScreen.storyboard in Resources */,
				AEB31DFB2212D83A00DA9695 /* Assets.xcassets in Resources */,
				AEB31DF92212D83800DA9695 /* Main.storyboard in Resources */,
			);
			runOnlyForDeploymentPostprocessing = 0;
		};
		AEB31E022212D83A00DA9695 /* Resources */ = {
			isa = PBXResourcesBuildPhase;
			buildActionMask = 2147483647;
			files = (
			);
			runOnlyForDeploymentPostprocessing = 0;
		};
		AEB31E0D2212D83A00DA9695 /* Resources */ = {
			isa = PBXResourcesBuildPhase;
			buildActionMask = 2147483647;
			files = (
			);
			runOnlyForDeploymentPostprocessing = 0;
		};
/* End PBXResourcesBuildPhase section */

/* Begin PBXSourcesBuildPhase section */
		AEB31DEC2212D83800DA9695 /* Sources */ = {
			isa = PBXSourcesBuildPhase;
			buildActionMask = 2147483647;
			files = (
				AEB31DF62212D83800DA9695 /* ViewController.swift in Sources */,
				AEB31DF42212D83800DA9695 /* AppDelegate.swift in Sources */,
			);
			runOnlyForDeploymentPostprocessing = 0;
		};
		AEB31E002212D83A00DA9695 /* Sources */ = {
			isa = PBXSourcesBuildPhase;
			buildActionMask = 2147483647;
			files = (
				AEB31E092212D83A00DA9695 /* GhibliTests.swift in Sources */,
			);
			runOnlyForDeploymentPostprocessing = 0;
		};
		AEB31E0B2212D83A00DA9695 /* Sources */ = {
			isa = PBXSourcesBuildPhase;
			buildActionMask = 2147483647;
			files = (
				AEB31E142212D83A00DA9695 /* GhibliUITests.swift in Sources */,
			);
			runOnlyForDeploymentPostprocessing = 0;
		};
/* End PBXSourcesBuildPhase section */

/* Begin PBXTargetDependency section */
		AEB31E062212D83A00DA9695 /* PBXTargetDependency */ = {
			isa = PBXTargetDependency;
			target = AEB31DEF2212D83800DA9695 /* Ghibli */;
			targetProxy = AEB31E052212D83A00DA9695 /* PBXContainerItemProxy */;
		};
		AEB31E112212D83A00DA9695 /* PBXTargetDependency */ = {
			isa = PBXTargetDependency;
			target = AEB31DEF2212D83800DA9695 /* Ghibli */;
			targetProxy = AEB31E102212D83A00DA9695 /* PBXContainerItemProxy */;
		};
/* End PBXTargetDependency section */

/* Begin PBXVariantGroup section */
		AEB31DF72212D83800DA9695 /* Main.storyboard */ = {
			isa = PBXVariantGroup;
			children = (
				AEB31DF82212D83800DA9695 /* Base */,
			);
			name = Main.storyboard;
			sourceTree = "<group>";
		};
		AEB31DFC2212D83A00DA9695 /* LaunchScreen.storyboard */ = {
			isa = PBXVariantGroup;
			children = (
				AEB31DFD2212D83A00DA9695 /* Base */,
			);
			name = LaunchScreen.storyboard;
			sourceTree = "<group>";
		};
/* End PBXVariantGroup section */

/* Begin XCBuildConfiguration section */
		AEB31E162212D83A00DA9695 /* Debug */ = {
			isa = XCBuildConfiguration;
			buildSettings = {
				ALWAYS_SEARCH_USER_PATHS = NO;
				CLANG_ANALYZER_NONNULL = YES;
				CLANG_ANALYZER_NUMBER_OBJECT_CONVERSION = YES_AGGRESSIVE;
				CLANG_CXX_LANGUAGE_STANDARD = "gnu++14";
				CLANG_CXX_LIBRARY = "libc++";
				CLANG_ENABLE_MODULES = YES;
				CLANG_ENABLE_OBJC_ARC = YES;
				CLANG_ENABLE_OBJC_WEAK = YES;
				CLANG_WARN_BLOCK_CAPTURE_AUTORELEASING = YES;
				CLANG_WARN_BOOL_CONVERSION = YES;
				CLANG_WARN_COMMA = YES;
				CLANG_WARN_CONSTANT_CONVERSION = YES;
				CLANG_WARN_DEPRECATED_OBJC_IMPLEMENTATIONS = YES;
				CLANG_WARN_DIRECT_OBJC_ISA_USAGE = YES_ERROR;
				CLANG_WARN_DOCUMENTATION_COMMENTS = YES;
				CLANG_WARN_EMPTY_BODY = YES;
				CLANG_WARN_ENUM_CONVERSION = YES;
				CLANG_WARN_INFINITE_RECURSION = YES;
				CLANG_WARN_INT_CONVERSION = YES;
				CLANG_WARN_NON_LITERAL_NULL_CONVERSION = YES;
				CLANG_WARN_OBJC_IMPLICIT_RETAIN_SELF = YES;
				CLANG_WARN_OBJC_LITERAL_CONVERSION = YES;
				CLANG_WARN_OBJC_ROOT_CLASS = YES_ERROR;
				CLANG_WARN_RANGE_LOOP_ANALYSIS = YES;
				CLANG_WARN_STRICT_PROTOTYPES = YES;
				CLANG_WARN_SUSPICIOUS_MOVE = YES;
				CLANG_WARN_UNGUARDED_AVAILABILITY = YES_AGGRESSIVE;
				CLANG_WARN_UNREACHABLE_CODE = YES;
				CLANG_WARN__DUPLICATE_METHOD_MATCH = YES;
				CODE_SIGN_IDENTITY = "iPhone Developer";
				COPY_PHASE_STRIP = NO;
				DEBUG_INFORMATION_FORMAT = dwarf;
				ENABLE_STRICT_OBJC_MSGSEND = YES;
				ENABLE_TESTABILITY = YES;
				GCC_C_LANGUAGE_STANDARD = gnu11;
				GCC_DYNAMIC_NO_PIC = NO;
				GCC_NO_COMMON_BLOCKS = YES;
				GCC_OPTIMIZATION_LEVEL = 0;
				GCC_PREPROCESSOR_DEFINITIONS = (
					"DEBUG=1",
					"$(inherited)",
				);
				GCC_WARN_64_TO_32_BIT_CONVERSION = YES;
				GCC_WARN_ABOUT_RETURN_TYPE = YES_ERROR;
				GCC_WARN_UNDECLARED_SELECTOR = YES;
				GCC_WARN_UNINITIALIZED_AUTOS = YES_AGGRESSIVE;
				GCC_WARN_UNUSED_FUNCTION = YES;
				GCC_WARN_UNUSED_VARIABLE = YES;
				IPHONEOS_DEPLOYMENT_TARGET = 12.1;
				MTL_ENABLE_DEBUG_INFO = INCLUDE_SOURCE;
				MTL_FAST_MATH = YES;
				ONLY_ACTIVE_ARCH = YES;
				SDKROOT = iphoneos;
				SWIFT_ACTIVE_COMPILATION_CONDITIONS = DEBUG;
				SWIFT_OPTIMIZATION_LEVEL = "-Onone";
			};
			name = Debug;
		};
		AEB31E172212D83A00DA9695 /* Release */ = {
			isa = XCBuildConfiguration;
			buildSettings = {
				ALWAYS_SEARCH_USER_PATHS = NO;
				CLANG_ANALYZER_NONNULL = YES;
				CLANG_ANALYZER_NUMBER_OBJECT_CONVERSION = YES_AGGRESSIVE;
				CLANG_CXX_LANGUAGE_STANDARD = "gnu++14";
				CLANG_CXX_LIBRARY = "libc++";
				CLANG_ENABLE_MODULES = YES;
				CLANG_ENABLE_OBJC_ARC = YES;
				CLANG_ENABLE_OBJC_WEAK = YES;
				CLANG_WARN_BLOCK_CAPTURE_AUTORELEASING = YES;
				CLANG_WARN_BOOL_CONVERSION = YES;
				CLANG_WARN_COMMA = YES;
				CLANG_WARN_CONSTANT_CONVERSION = YES;
				CLANG_WARN_DEPRECATED_OBJC_IMPLEMENTATIONS = YES;
				CLANG_WARN_DIRECT_OBJC_ISA_USAGE = YES_ERROR;
				CLANG_WARN_DOCUMENTATION_COMMENTS = YES;
				CLANG_WARN_EMPTY_BODY = YES;
				CLANG_WARN_ENUM_CONVERSION = YES;
				CLANG_WARN_INFINITE_RECURSION = YES;
				CLANG_WARN_INT_CONVERSION = YES;
				CLANG_WARN_NON_LITERAL_NULL_CONVERSION = YES;
				CLANG_WARN_OBJC_IMPLICIT_RETAIN_SELF = YES;
				CLANG_WARN_OBJC_LITERAL_CONVERSION = YES;
				CLANG_WARN_OBJC_ROOT_CLASS = YES_ERROR;
				CLANG_WARN_RANGE_LOOP_ANALYSIS = YES;
				CLANG_WARN_STRICT_PROTOTYPES = YES;
				CLANG_WARN_SUSPICIOUS_MOVE = YES;
				CLANG_WARN_UNGUARDED_AVAILABILITY = YES_AGGRESSIVE;
				CLANG_WARN_UNREACHABLE_CODE = YES;
				CLANG_WARN__DUPLICATE_METHOD_MATCH = YES;
				CODE_SIGN_IDENTITY = "iPhone Developer";
				COPY_PHASE_STRIP = NO;
				DEBUG_INFORMATION_FORMAT = "dwarf-with-dsym";
				ENABLE_NS_ASSERTIONS = NO;
				ENABLE_STRICT_OBJC_MSGSEND = YES;
				GCC_C_LANGUAGE_STANDARD = gnu11;
				GCC_NO_COMMON_BLOCKS = YES;
				GCC_WARN_64_TO_32_BIT_CONVERSION = YES;
				GCC_WARN_ABOUT_RETURN_TYPE = YES_ERROR;
				GCC_WARN_UNDECLARED_SELECTOR = YES;
				GCC_WARN_UNINITIALIZED_AUTOS = YES_AGGRESSIVE;
				GCC_WARN_UNUSED_FUNCTION = YES;
				GCC_WARN_UNUSED_VARIABLE = YES;
				IPHONEOS_DEPLOYMENT_TARGET = 12.1;
				MTL_ENABLE_DEBUG_INFO = NO;
				MTL_FAST_MATH = YES;
				SDKROOT = iphoneos;
				SWIFT_COMPILATION_MODE = wholemodule;
				SWIFT_OPTIMIZATION_LEVEL = "-O";
				VALIDATE_PRODUCT = YES;
			};
			name = Release;
		};
		AEB31E192212D83A00DA9695 /* Debug */ = {
			isa = XCBuildConfiguration;
			buildSettings = {
				ASSETCATALOG_COMPILER_APPICON_NAME = AppIcon;
				CODE_SIGN_STYLE = Automatic;
				INFOPLIST_FILE = Ghibli/Info.plist;
				LD_RUNPATH_SEARCH_PATHS = (
					"$(inherited)",
					"@executable_path/Frameworks",
				);
				PRODUCT_BUNDLE_IDENTIFIER = com.testing.Ghibli;
				PRODUCT_NAME = "$(TARGET_NAME)";
				SWIFT_VERSION = 4.2;
				TARGETED_DEVICE_FAMILY = "1,2";
			};
			name = Debug;
		};
		AEB31E1A2212D83A00DA9695 /* Release */ = {
			isa = XCBuildConfiguration;
			buildSettings = {
				ASSETCATALOG_COMPILER_APPICON_NAME = AppIcon;
				CODE_SIGN_STYLE = Automatic;
				INFOPLIST_FILE = Ghibli/Info.plist;
				LD_RUNPATH_SEARCH_PATHS = (
					"$(inherited)",
					"@executable_path/Frameworks",
				);
				PRODUCT_BUNDLE_IDENTIFIER = com.testing.Ghibli;
				PRODUCT_NAME = "$(TARGET_NAME)";
				SWIFT_VERSION = 4.2;
				TARGETED_DEVICE_FAMILY = "1,2";
			};
			name = Release;
		};
		AEB31E1C2212D83A00DA9695 /* Debug */ = {
			isa = XCBuildConfiguration;
			buildSettings = {
				ALWAYS_EMBED_SWIFT_STANDARD_LIBRARIES = YES;
				BUNDLE_LOADER = "$(TEST_HOST)";
				CODE_SIGN_STYLE = Automatic;
				INFOPLIST_FILE = GhibliTests/Info.plist;
				LD_RUNPATH_SEARCH_PATHS = (
					"$(inherited)",
					"@executable_path/Frameworks",
					"@loader_path/Frameworks",
				);
				PRODUCT_BUNDLE_IDENTIFIER = com.testing.GhibliTests;
				PRODUCT_NAME = "$(TARGET_NAME)";
				SWIFT_VERSION = 4.2;
				TARGETED_DEVICE_FAMILY = "1,2";
				TEST_HOST = "$(BUILT_PRODUCTS_DIR)/Ghibli.app/Ghibli";
			};
			name = Debug;
		};
		AEB31E1D2212D83A00DA9695 /* Release */ = {
			isa = XCBuildConfiguration;
			buildSettings = {
				ALWAYS_EMBED_SWIFT_STANDARD_LIBRARIES = YES;
				BUNDLE_LOADER = "$(TEST_HOST)";
				CODE_SIGN_STYLE = Automatic;
				INFOPLIST_FILE = GhibliTests/Info.plist;
				LD_RUNPATH_SEARCH_PATHS = (
					"$(inherited)",
					"@executable_path/Frameworks",
					"@loader_path/Frameworks",
				);
				PRODUCT_BUNDLE_IDENTIFIER = com.testing.GhibliTests;
				PRODUCT_NAME = "$(TARGET_NAME)";
				SWIFT_VERSION = 4.2;
				TARGETED_DEVICE_FAMILY = "1,2";
				TEST_HOST = "$(BUILT_PRODUCTS_DIR)/Ghibli.app/Ghibli";
			};
			name = Release;
		};
		AEB31E1F2212D83A00DA9695 /* Debug */ = {
			isa = XCBuildConfiguration;
			buildSettings = {
				ALWAYS_EMBED_SWIFT_STANDARD_LIBRARIES = YES;
				CODE_SIGN_STYLE = Automatic;
				INFOPLIST_FILE = GhibliUITests/Info.plist;
				LD_RUNPATH_SEARCH_PATHS = (
					"$(inherited)",
					"@executable_path/Frameworks",
					"@loader_path/Frameworks",
				);
				PRODUCT_BUNDLE_IDENTIFIER = com.testing.GhibliUITests;
				PRODUCT_NAME = "$(TARGET_NAME)";
				SWIFT_VERSION = 4.2;
				TARGETED_DEVICE_FAMILY = "1,2";
				TEST_TARGET_NAME = Ghibli;
			};
			name = Debug;
		};
		AEB31E202212D83A00DA9695 /* Release */ = {
			isa = XCBuildConfiguration;
			buildSettings = {
				ALWAYS_EMBED_SWIFT_STANDARD_LIBRARIES = YES;
				CODE_SIGN_STYLE = Automatic;
				INFOPLIST_FILE = GhibliUITests/Info.plist;
				LD_RUNPATH_SEARCH_PATHS = (
					"$(inherited)",
					"@executable_path/Frameworks",
					"@loader_path/Frameworks",
				);
				PRODUCT_BUNDLE_IDENTIFIER = com.testing.GhibliUITests;
				PRODUCT_NAME = "$(TARGET_NAME)";
				SWIFT_VERSION = 4.2;
				TARGETED_DEVICE_FAMILY = "1,2";
				TEST_TARGET_NAME = Ghibli;
			};
			name = Release;
		};
/* End XCBuildConfiguration section */

/* Begin XCConfigurationList section */
		AEB31DEB2212D83800DA9695 /* Build configuration list for PBXProject "Ghibli" */ = {
			isa = XCConfigurationList;
			buildConfigurations = (
				AEB31E162212D83A00DA9695 /* Debug */,
				AEB31E172212D83A00DA9695 /* Release */,
			);
			defaultConfigurationIsVisible = 0;
			defaultConfigurationName = Release;
		};
		AEB31E182212D83A00DA9695 /* Build configuration list for PBXNativeTarget "Ghibli" */ = {
			isa = XCConfigurationList;
			buildConfigurations = (
				AEB31E192212D83A00DA9695 /* Debug */,
				AEB31E1A2212D83A00DA9695 /* Release */,
			);
			defaultConfigurationIsVisible = 0;
			defaultConfigurationName = Release;
		};
		AEB31E1B2212D83A00DA9695 /* Build configuration list for PBXNativeTarget "GhibliTests" */ = {
			isa = XCConfigurationList;
			buildConfigurations = (
				AEB31E1C2212D83A00DA9695 /* Debug */,
				AEB31E1D2212D83A00DA9695 /* Release */,
			);
			defaultConfigurationIsVisible = 0;
			defaultConfigurationName = Release;
		};
		AEB31E1E2212D83A00DA9695 /* Build configuration list for PBXNativeTarget "GhibliUITests" */ = {
			isa = XCConfigurationList;
			buildConfigurations = (
				AEB31E1F2212D83A00DA9695 /* Debug */,
				AEB31E202212D83A00DA9695 /* Release */,
			);
			defaultConfigurationIsVisible = 0;
			defaultConfigurationName = Release;
		};
/* End XCConfigurationList section */
	};
	rootObject = AEB31DE82212D83800DA9695 /* Project object */;
}
